
Microsoft Visual Studio Solution File, Format Version 12.00
# Visual Studio Version 17
VisualStudioVersion = 17.6.33801.468
MinimumVisualStudioVersion = 10.0.40219.1
Project("{2150E333-8FDC-42A3-9474-1A3956D46DE8}") = "FrontEnd", "FrontEnd", "{76A24A39-5456-4C55-A35F-09E1462DDC46}"
EndProject
Project("{2150E333-8FDC-42A3-9474-1A3956D46DE8}") = "Services", "Services", "{26318EFC-673C-499C-B4C4-2EF7DD411134}"
EndProject
Project("{9A19103F-16F7-4668-BE54-9A1E7A4F7556}") = "GeekShopping.Web", "GeekShopping.Web\GeekShopping.Web.csproj", "{00FDB522-0024-4292-A8DB-5ABB9E9ED225}"
EndProject
Project("{9A19103F-16F7-4668-BE54-9A1E7A4F7556}") = "GeekShopping.ProductAPI", "GeekShopping.ProductAPI\GeekShopping.ProductAPI.csproj", "{D2183D30-6672-47D1-AFAB-E435748882C7}"
EndProject
Project("{9A19103F-16F7-4668-BE54-9A1E7A4F7556}") = "GeekShopping.IdentityServer", "GeekShopping.IdentityServer\GeekShopping.IdentityServer.csproj", "{2CF50A0E-E422-4A8C-892D-E51915ED6B8D}"
EndProject
Project("{9A19103F-16F7-4668-BE54-9A1E7A4F7556}") = "GeekShopping.CartAPI", "GeekShopping.CartAPI\GeekShopping.CartAPI.csproj", "{D3818EB0-438A-46C4-A08D-8AB3FDFE7943}"
EndProject
Project("{9A19103F-16F7-4668-BE54-9A1E7A4F7556}") = "GeekShopping.CouponAPI", "GeekShopping.CouponAPI\GeekShopping.CouponAPI.csproj", "{B89767B4-3A61-4B78-BBA1-B670943EBAE2}"
EndProject
Project("{2150E333-8FDC-42A3-9474-1A3956D46DE8}") = "Integration", "Integration", "{5D48A66F-77AB-4E81-81BC-BEEDB26B558B}"
EndProject
Project("{9A19103F-16F7-4668-BE54-9A1E7A4F7556}") = "GeekShopping.MessageBus", "GeekShopping.MessageBus\GeekShopping.MessageBus.csproj", "{DE5BC326-16DC-4D5C-A117-C21FC82687B2}"
EndProject
Project("{9A19103F-16F7-4668-BE54-9A1E7A4F7556}") = "GeekShopping.OrderAPI", "GeekShopping.OrderAPI\GeekShopping.OrderAPI.csproj", "{C67A6629-542E-49ED-B58B-ECFC3E332D4B}"
EndProject
Project("{2150E333-8FDC-42A3-9474-1A3956D46DE8}") = "Payments", "Payments", "{FB73E52B-E556-4C00-A367-AF6E33B86FEF}"
EndProject
Project("{9A19103F-16F7-4668-BE54-9A1E7A4F7556}") = "GeekShopping.PaymentProcessor", "GeekShopping.PaymentProcessor\GeekShopping.PaymentProcessor.csproj", "{19E13287-77A6-4054-9004-F1079EAE1C03}"
EndProject
Project("{9A19103F-16F7-4668-BE54-9A1E7A4F7556}") = "GeekShopping.PaymentAPI", "GeekShopping.PaymentAPI\GeekShopping.PaymentAPI.csproj", "{9675EB49-5C7F-487A-8230-DCF73DD9F7C1}"
EndProject
Project("{9A19103F-16F7-4668-BE54-9A1E7A4F7556}") = "GeekShopping.Email", "GeekShopping.Email\GeekShopping.Email.csproj", "{02AC2D65-1DC0-4507-A7ED-6D477345EB4D}"
EndProject
Project("{2150E333-8FDC-42A3-9474-1A3956D46DE8}") = "Gateway", "Gateway", "{7019E738-F465-4786-B75E-F01F8970BA59}"
EndProject
Project("{FAE04EC0-301F-11D3-BF4B-00C04F79EFBC}") = "GeekShopping.APIGateway", "GeekShopping.APIGateway\GeekShopping.APIGateway.csproj", "{A5C7DAFE-CF52-4294-8E23-DE71936C3C26}"
EndProject
Global
	GlobalSection(SolutionConfigurationPlatforms) = preSolution
		Debug|Any CPU = Debug|Any CPU
		Release|Any CPU = Release|Any CPU
	EndGlobalSection
	GlobalSection(ProjectConfigurationPlatforms) = postSolution
		{00FDB522-0024-4292-A8DB-5ABB9E9ED225}.Debug|Any CPU.ActiveCfg = Debug|Any CPU
		{00FDB522-0024-4292-A8DB-5ABB9E9ED225}.Debug|Any CPU.Build.0 = Debug|Any CPU
		{00FDB522-0024-4292-A8DB-5ABB9E9ED225}.Release|Any CPU.ActiveCfg = Release|Any CPU
		{00FDB522-0024-4292-A8DB-5ABB9E9ED225}.Release|Any CPU.Build.0 = Release|Any CPU
		{D2183D30-6672-47D1-AFAB-E435748882C7}.Debug|Any CPU.ActiveCfg = Debug|Any CPU
		{D2183D30-6672-47D1-AFAB-E435748882C7}.Debug|Any CPU.Build.0 = Debug|Any CPU
		{D2183D30-6672-47D1-AFAB-E435748882C7}.Release|Any CPU.ActiveCfg = Release|Any CPU
		{D2183D30-6672-47D1-AFAB-E435748882C7}.Release|Any CPU.Build.0 = Release|Any CPU
		{2CF50A0E-E422-4A8C-892D-E51915ED6B8D}.Debug|Any CPU.ActiveCfg = Debug|Any CPU
		{2CF50A0E-E422-4A8C-892D-E51915ED6B8D}.Debug|Any CPU.Build.0 = Debug|Any CPU
		{2CF50A0E-E422-4A8C-892D-E51915ED6B8D}.Release|Any CPU.ActiveCfg = Release|Any CPU
		{2CF50A0E-E422-4A8C-892D-E51915ED6B8D}.Release|Any CPU.Build.0 = Release|Any CPU
		{D3818EB0-438A-46C4-A08D-8AB3FDFE7943}.Debug|Any CPU.ActiveCfg = Debug|Any CPU
		{D3818EB0-438A-46C4-A08D-8AB3FDFE7943}.Debug|Any CPU.Build.0 = Debug|Any CPU
		{D3818EB0-438A-46C4-A08D-8AB3FDFE7943}.Release|Any CPU.ActiveCfg = Release|Any CPU
		{D3818EB0-438A-46C4-A08D-8AB3FDFE7943}.Release|Any CPU.Build.0 = Release|Any CPU
		{B89767B4-3A61-4B78-BBA1-B670943EBAE2}.Debug|Any CPU.ActiveCfg = Debug|Any CPU
		{B89767B4-3A61-4B78-BBA1-B670943EBAE2}.Debug|Any CPU.Build.0 = Debug|Any CPU
		{B89767B4-3A61-4B78-BBA1-B670943EBAE2}.Release|Any CPU.ActiveCfg = Release|Any CPU
		{B89767B4-3A61-4B78-BBA1-B670943EBAE2}.Release|Any CPU.Build.0 = Release|Any CPU
		{DE5BC326-16DC-4D5C-A117-C21FC82687B2}.Debug|Any CPU.ActiveCfg = Debug|Any CPU
		{DE5BC326-16DC-4D5C-A117-C21FC82687B2}.Debug|Any CPU.Build.0 = Debug|Any CPU
		{DE5BC326-16DC-4D5C-A117-C21FC82687B2}.Release|Any CPU.ActiveCfg = Release|Any CPU
		{DE5BC326-16DC-4D5C-A117-C21FC82687B2}.Release|Any CPU.Build.0 = Release|Any CPU
		{C67A6629-542E-49ED-B58B-ECFC3E332D4B}.Debug|Any CPU.ActiveCfg = Debug|Any CPU
		{C67A6629-542E-49ED-B58B-ECFC3E332D4B}.Debug|Any CPU.Build.0 = Debug|Any CPU
		{C67A6629-542E-49ED-B58B-ECFC3E332D4B}.Release|Any CPU.ActiveCfg = Release|Any CPU
		{C67A6629-542E-49ED-B58B-ECFC3E332D4B}.Release|Any CPU.Build.0 = Release|Any CPU
		{19E13287-77A6-4054-9004-F1079EAE1C03}.Debug|Any CPU.ActiveCfg = Debug|Any CPU
		{19E13287-77A6-4054-9004-F1079EAE1C03}.Debug|Any CPU.Build.0 = Debug|Any CPU
		{19E13287-77A6-4054-9004-F1079EAE1C03}.Release|Any CPU.ActiveCfg = Release|Any CPU
		{19E13287-77A6-4054-9004-F1079EAE1C03}.Release|Any CPU.Build.0 = Release|Any CPU
		{9675EB49-5C7F-487A-8230-DCF73DD9F7C1}.Debug|Any CPU.ActiveCfg = Debug|Any CPU
		{9675EB49-5C7F-487A-8230-DCF73DD9F7C1}.Debug|Any CPU.Build.0 = Debug|Any CPU
		{9675EB49-5C7F-487A-8230-DCF73DD9F7C1}.Release|Any CPU.ActiveCfg = Release|Any CPU
		{9675EB49-5C7F-487A-8230-DCF73DD9F7C1}.Release|Any CPU.Build.0 = Release|Any CPU
		{02AC2D65-1DC0-4507-A7ED-6D477345EB4D}.Debug|Any CPU.ActiveCfg = Debug|Any CPU
		{02AC2D65-1DC0-4507-A7ED-6D477345EB4D}.Debug|Any CPU.Build.0 = Debug|Any CPU
		{02AC2D65-1DC0-4507-A7ED-6D477345EB4D}.Release|Any CPU.ActiveCfg = Release|Any CPU
		{02AC2D65-1DC0-4507-A7ED-6D477345EB4D}.Release|Any CPU.Build.0 = Release|Any CPU
		{A5C7DAFE-CF52-4294-8E23-DE71936C3C26}.Debug|Any CPU.ActiveCfg = Debug|Any CPU
		{A5C7DAFE-CF52-4294-8E23-DE71936C3C26}.Debug|Any CPU.Build.0 = Debug|Any CPU
		{A5C7DAFE-CF52-4294-8E23-DE71936C3C26}.Release|Any CPU.ActiveCfg = Release|Any CPU
		{A5C7DAFE-CF52-4294-8E23-DE71936C3C26}.Release|Any CPU.Build.0 = Release|Any CPU
	EndGlobalSection
	GlobalSection(SolutionProperties) = preSolution
		HideSolutionNode = FALSE
	EndGlobalSection
	GlobalSection(NestedProjects) = preSolution
		{00FDB522-0024-4292-A8DB-5ABB9E9ED225} = {76A24A39-5456-4C55-A35F-09E1462DDC46}
		{D2183D30-6672-47D1-AFAB-E435748882C7} = {26318EFC-673C-499C-B4C4-2EF7DD411134}
		{2CF50A0E-E422-4A8C-892D-E51915ED6B8D} = {26318EFC-673C-499C-B4C4-2EF7DD411134}
		{D3818EB0-438A-46C4-A08D-8AB3FDFE7943} = {26318EFC-673C-499C-B4C4-2EF7DD411134}
		{B89767B4-3A61-4B78-BBA1-B670943EBAE2} = {26318EFC-673C-499C-B4C4-2EF7DD411134}
		{DE5BC326-16DC-4D5C-A117-C21FC82687B2} = {5D48A66F-77AB-4E81-81BC-BEEDB26B558B}
		{C67A6629-542E-49ED-B58B-ECFC3E332D4B} = {26318EFC-673C-499C-B4C4-2EF7DD411134}
		{19E13287-77A6-4054-9004-F1079EAE1C03} = {FB73E52B-E556-4C00-A367-AF6E33B86FEF}
		{9675EB49-5C7F-487A-8230-DCF73DD9F7C1} = {26318EFC-673C-499C-B4C4-2EF7DD411134}
		{02AC2D65-1DC0-4507-A7ED-6D477345EB4D} = {26318EFC-673C-499C-B4C4-2EF7DD411134}
		{A5C7DAFE-CF52-4294-8E23-DE71936C3C26} = {7019E738-F465-4786-B75E-F01F8970BA59}
	EndGlobalSection
	GlobalSection(ExtensibilityGlobals) = postSolution
		SolutionGuid = {F558D8A9-AA91-4A25-B01D-B19F1B2BDE4C}
	EndGlobalSection
EndGlobal
